Microsoft Visual Studio Solution File, Format Version 12.00
# Visual Studio Version 17
VisualStudioVersion = 17.5.2.0
MinimumVisualStudioVersion = 10.0.40219.1
Project("{FAE04EC0-301F-11D3-BF4B-00C04F79EFBC}") = "demo-api01", "demo-api01.csproj", "{27744FD0-5939-CC1A-389E-D474ADD8EFCA}"
EndProject
Global
	GlobalSection(SolutionConfigurationPlatforms) = preSolution
		Debug|Any CPU = Debug|Any CPU
		Release|Any CPU = Release|Any CPU
	EndGlobalSection
	GlobalSection(ProjectConfigurationPlatforms) = postSolution
		{27744FD0-5939-CC1A-389E-D474ADD8EFCA}.Debug|Any CPU.ActiveCfg = Debug|Any CPU
		{27744FD0-5939-CC1A-389E-D474ADD8EFCA}.Debug|Any CPU.Build.0 = Debug|Any CPU
		{27744FD0-5939-CC1A-389E-D474ADD8EFCA}.Release|Any CPU.ActiveCfg = Release|Any CPU
		{27744FD0-5939-CC1A-389E-D474ADD8EFCA}.Release|Any CPU.Build.0 = Release|Any CPU
	EndGlobalSection
	GlobalSection(SolutionProperties) = preSolution
		HideSolutionNode = FALSE
	EndGlobalSection
	GlobalSection(ExtensibilityGlobals) = postSolution
		SolutionGuid = {B0EE6567-4B76-443B-8ABF-C25F52AE3C41}
	EndGlobalSection
EndGlobal
